// !$*UTF8*$!
{
	archiveVersion = 1;
	classes = {
	};
	objectVersion = 46;
	objects = {

/* Begin PBXBuildFile section */
		9107A5911DCCA3BA009EA82F /* TransitionManager.swift in Sources */ = {isa = PBXBuildFile; fileRef = 9107A5901DCCA3BA009EA82F /* TransitionManager.swift */; };
		914050D11DCA62B200466426 /* AppDelegate.swift in Sources */ = {isa = PBXBuildFile; fileRef = 914050D01DCA62B200466426 /* AppDelegate.swift */; };
		914050D31DCA62B200466426 /* MainViewController.swift in Sources */ = {isa = PBXBuildFile; fileRef = 914050D21DCA62B200466426 /* MainViewController.swift */; };
		914050D61DCA62B200466426 /* Main.storyboard in Resources */ = {isa = PBXBuildFile; fileRef = 914050D41DCA62B200466426 /* Main.storyboard */; };
		914050D81DCA62B200466426 /* Assets.xcassets in Resources */ = {isa = PBXBuildFile; fileRef = 914050D71DCA62B200466426 /* Assets.xcassets */; };
		914050DB1DCA62B200466426 /* LaunchScreen.storyboard in Resources */ = {isa = PBXBuildFile; fileRef = 914050D91DCA62B200466426 /* LaunchScreen.storyboard */; };
		919FEA871DCA718700CCE432 /* MenuViewController.swift in Sources */ = {isa = PBXBuildFile; fileRef = 919FEA861DCA718700CCE432 /* MenuViewController.swift */; };
/* End PBXBuildFile section */

/* Begin PBXFileReference section */
		9107A5901DCCA3BA009EA82F /* TransitionManager.swift */ = {isa = PBXFileReference; fileEncoding = 4; lastKnownFileType = sourcecode.swift; path = TransitionManager.swift; sourceTree = "<group>"; };
		914050CD1DCA62B200466426 /* TransitionMenu.app */ = {isa = PBXFileReference; explicitFileType = wrapper.application; includeInIndex = 0; path = TransitionMenu.app; sourceTree = BUILT_PRODUCTS_DIR; };
		914050D01DCA62B200466426 /* AppDelegate.swift */ = {isa = PBXFileReference; lastKnownFileType = sourcecode.swift; path = AppDelegate.swift; sourceTree = "<group>"; };
		914050D21DCA62B200466426 /* MainViewController.swift */ = {isa = PBXFileReference; lastKnownFileType = sourcecode.swift; path = MainViewController.swift; sourceTree = "<group>"; };
		914050D51DCA62B200466426 /* Base */ = {isa = PBXFileReference; lastKnownFileType = file.storyboard; name = Base; path = Base.lproj/Main.storyboard; sourceTree = "<group>"; };
		914050D71DCA62B200466426 /* Assets.xcassets */ = {isa = PBXFileReference; lastKnownFileType = folder.assetcatalog; path = Assets.xcassets; sourceTree = "<group>"; };
		914050DA1DCA62B200466426 /* Base */ = {isa = PBXFileReference; lastKnownFileType = file.storyboard; name = Base; path = Base.lproj/LaunchScreen.storyboard; sourceTree = "<group>"; };
		914050DC1DCA62B200466426 /* Info.plist */ = {isa = PBXFileReference; lastKnownFileType = text.plist.xml; path = Info.plist; sourceTree = "<group>"; };
		919FEA861DCA718700CCE432 /* MenuViewController.swift */ = {isa = PBXFileReference; fileEncoding = 4; lastKnownFileType = sourcecode.swift; path = MenuViewController.swift; sourceTree = "<group>"; };
/* End PBXFileReference section */

/* Begin PBXFrameworksBuildPhase section */
		914050CA1DCA62B100466426 /* Frameworks */ = {
			isa = PBXFrameworksBuildPhase;
			buildActionMask = 2147483647;
			files = (
			);
			runOnlyForDeploymentPostprocessing = 0;
		};
/* End PBXFrameworksBuildPhase section */

/* Begin PBXGroup section */
		914050C41DCA62B100466426 = {
			isa = PBXGroup;
			children = (
				914050CF1DCA62B200466426 /* TransitionMenu */,
				914050CE1DCA62B200466426 /* Products */,
			);
			sourceTree = "<group>";
		};
		914050CE1DCA62B200466426 /* Products */ = {
			isa = PBXGroup;
			children = (
				914050CD1DCA62B200466426 /* TransitionMenu.app */,
			);
			name = Products;
			sourceTree = "<group>";
		};
		914050CF1DCA62B200466426 /* TransitionMenu */ = {
			isa = PBXGroup;
			children = (
				914050D01DCA62B200466426 /* AppDelegate.swift */,
				914050D21DCA62B200466426 /* MainViewController.swift */,
				919FEA861DCA718700CCE432 /* MenuViewController.swift */,
				9107A5901DCCA3BA009EA82F /* TransitionManager.swift */,
				914050D41DCA62B200466426 /* Main.storyboard */,
				914050D71DCA62B200466426 /* Assets.xcassets */,
				914050D91DCA62B200466426 /* LaunchScreen.storyboard */,
				914050DC1DCA62B200466426 /* Info.plist */,
			);
			path = TransitionMenu;
			sourceTree = "<group>";
		};
/* End PBXGroup section */

/* Begin PBXNativeTarget section */
		914050CC1DCA62B100466426 /* TransitionMenu */ = {
			isa = PBXNativeTarget;
			buildConfigurationList = 914050DF1DCA62B200466426 /* Build configuration list for PBXNativeTarget "TransitionMenu" */;
			buildPhases = (
				914050C91DCA62B100466426 /* Sources */,
				914050CA1DCA62B100466426 /* Frameworks */,
				914050CB1DCA62B100466426 /* Resources */,
			);
			buildRules = (
			);
			dependencies = (
			);
			name = TransitionMenu;
			productName = TransitionMenu;
			productReference = 914050CD1DCA62B200466426 /* TransitionMenu.app */;
			productType = "com.apple.product-type.application";
		};
/* End PBXNativeTarget section */

/* Begin PBXProject section */
		914050C51DCA62B100466426 /* Project object */ = {
			isa = PBXProject;
			attributes = {
				LastSwiftUpdateCheck = 0810;
				LastUpgradeCheck = 0810;
				ORGANIZATIONNAME = "Stanley Pan";
				TargetAttributes = {
					914050CC1DCA62B100466426 = {
						CreatedOnToolsVersion = 8.1;
						DevelopmentTeam = P48JT8XFF3;
						ProvisioningStyle = Automatic;
					};
				};
			};
			buildConfigurationList = 914050C81DCA62B100466426 /* Build configuration list for PBXProject "TransitionMenu" */;
			compatibilityVersion = "Xcode 3.2";
			developmentRegion = English;
			hasScannedForEncodings = 0;
			knownRegions = (
				en,
				Base,
			);
			mainGroup = 914050C41DCA62B100466426;
			productRefGroup = 914050CE1DCA62B200466426 /* Products */;
			projectDirPath = "";
			projectRoot = "";
			targets = (
				914050CC1DCA62B100466426 /* TransitionMenu */,
			);
		};
/* End PBXProject section */

/* Begin PBXResourcesBuildPhase section */
		914050CB1DCA62B100466426 /* Resources */ = {
			isa = PBXResourcesBuildPhase;
			buildActionMask = 2147483647;
			files = (
				914050DB1DCA62B200466426 /* LaunchScreen.storyboard in Resources */,
				914050D81DCA62B200466426 /* Assets.xcassets in Resources */,
				914050D61DCA62B200466426 /* Main.storyboard in Resources */,
			);
			runOnlyForDeploymentPostprocessing = 0;
		};
/* End PBXResourcesBuildPhase section */

/* Begin PBXSourcesBuildPhase section */
		914050C91DCA62B100466426 /* Sources */ = {
			isa = PBXSourcesBuildPhase;
			buildActionMask = 2147483647;
			files = (
				9107A5911DCCA3BA009EA82F /* TransitionManager.swift in Sources */,
				914050D31DCA62B200466426 /* MainViewController.swift in Sources */,
				914050D11DCA62B200466426 /* AppDelegate.swift in Sources */,
				919FEA871DCA718700CCE432 /* MenuViewController.swift in Sources */,
			);
			runOnlyForDeploymentPostprocessing = 0;
		};
/* End PBXSourcesBuildPhase section */

/* Begin PBXVariantGroup section */
		914050D41DCA62B200466426 /* Main.storyboard */ = {
			isa = PBXVariantGroup;
			children = (
				914050D51DCA62B200466426 /* Base */,
			);
			name = Main.storyboard;
			sourceTree = "<group>";
		};
		914050D91DCA62B200466426 /* LaunchScreen.storyboard */ = {
			isa = PBXVariantGroup;
			children = (
				914050DA1DCA62B200466426 /* Base */,
			);
			name = LaunchScreen.storyboard;
			sourceTree = "<group>";
		};
/* End PBXVariantGroup section */

/* Begin XCBuildConfiguration section */
		914050DD1DCA62B200466426 /* Debug */ = {
			isa = XCBuildConfiguration;
			buildSettings = {
				ALWAYS_SEARCH_USER_PATHS = NO;
				CLANG_ANALYZER_NONNULL = YES;
				CLANG_CXX_LANGUAGE_STANDARD = "gnu++0x";
				CLANG_CXX_LIBRARY = "libc++";
				CLANG_ENABLE_MODULES = YES;
				CLANG_ENABLE_OBJC_ARC = YES;
				CLANG_WARN_BOOL_CONVERSION = YES;
				CLANG_WARN_CONSTANT_CONVERSION = YES;
				CLANG_WARN_DIRECT_OBJC_ISA_USAGE = YES_ERROR;
				CLANG_WARN_DOCUMENTATION_COMMENTS = YES;
				CLANG_WARN_EMPTY_BODY = YES;
				CLANG_WARN_ENUM_CONVERSION = YES;
				CLANG_WARN_INFINITE_RECURSION = YES;
				CLANG_WARN_INT_CONVERSION = YES;
				CLANG_WARN_OBJC_ROOT_CLASS = YES_ERROR;
				CLANG_WARN_SUSPICIOUS_MOVES = YES;
				CLANG_WARN_UNREACHABLE_CODE = YES;
				CLANG_WARN__DUPLICATE_METHOD_MATCH = YES;
				"CODE_SIGN_IDENTITY[sdk=iphoneos*]" = "iPhone Developer";
				COPY_PHASE_STRIP = NO;
				DEBUG_INFORMATION_FORMAT = dwarf;
				ENABLE_STRICT_OBJC_MSGSEND = YES;
				ENABLE_TESTABILITY = YES;
				GCC_C_LANGUAGE_STANDARD = gnu99;
				GCC_DYNAMIC_NO_PIC = NO;
				GCC_NO_COMMON_BLOCKS = YES;
				GCC_OPTIMIZATION_LEVEL = 0;
				GCC_PREPROCESSOR_DEFINITIONS = (
					"DEBUG=1",
					"$(inherited)",
				);
				GCC_WARN_64_TO_32_BIT_CONVERSION = YES;
				GCC_WARN_ABOUT_RETURN_TYPE = YES_ERROR;
				GCC_WARN_UNDECLARED_SELECTOR = YES;
				GCC_WARN_UNINITIALIZED_AUTOS = YES_AGGRESSIVE;
				GCC_WARN_UNUSED_FUNCTION = YES;
				GCC_WARN_UNUSED_VARIABLE = YES;
				IPHONEOS_DEPLOYMENT_TARGET = 10.1;
				MTL_ENABLE_DEBUG_INFO = YES;
				ONLY_ACTIVE_ARCH = YES;
				SDKROOT = iphoneos;
				SWIFT_ACTIVE_COMPILATION_CONDITIONS = DEBUG;
				SWIFT_OPTIMIZATION_LEVEL = "-Onone";
				TARGETED_DEVICE_FAMILY = "1,2";
			};
			name = Debug;
		};
		914050DE1DCA62B200466426 /* Release */ = {
			isa = XCBuildConfiguration;
			buildSettings = {
				ALWAYS_SEARCH_USER_PATHS = NO;
				CLANG_ANALYZER_NONNULL = YES;
				CLANG_CXX_LANGUAGE_STANDARD = "gnu++0x";
				CLANG_CXX_LIBRARY = "libc++";
				CLANG_ENABLE_MODULES = YES;
				CLANG_ENABLE_OBJC_ARC = YES;
				CLANG_WARN_BOOL_CONVERSION = YES;
				CLANG_WARN_CONSTANT_CONVERSION = YES;
				CLANG_WARN_DIRECT_OBJC_ISA_USAGE = YES_ERROR;
				CLANG_WARN_DOCUMENTATION_COMMENTS = YES;
				CLANG_WARN_EMPTY_BODY = YES;
				CLANG_WARN_ENUM_CONVERSION = YES;
				CLANG_WARN_INFINITE_RECURSION = YES;
				CLANG_WARN_INT_CONVERSION = YES;
				CLANG_WARN_OBJC_ROOT_CLASS = YES_ERROR;
				CLANG_WARN_SUSPICIOUS_MOVES = YES;
				CLANG_WARN_UNREACHABLE_CODE = YES;
				CLANG_WARN__DUPLICATE_METHOD_MATCH = YES;
				"CODE_SIGN_IDENTITY[sdk=iphoneos*]" = "iPhone Developer";
				COPY_PHASE_STRIP = NO;
				DEBUG_INFORMATION_FORMAT = "dwarf-with-dsym";
				ENABLE_NS_ASSERTIONS = NO;
				ENABLE_STRICT_OBJC_MSGSEND = YES;
				GCC_C_LANGUAGE_STANDARD = gnu99;
				GCC_NO_COMMON_BLOCKS = YES;
				GCC_WARN_64_TO_32_BIT_CONVERSION = YES;
				GCC_WARN_ABOUT_RETURN_TYPE = YES_ERROR;
				GCC_WARN_UNDECLARED_SELECTOR = YES;
				GCC_WARN_UNINITIALIZED_AUTOS = YES_AGGRESSIVE;
				GCC_WARN_UNUSED_FUNCTION = YES;
				GCC_WARN_UNUSED_VARIABLE = YES;
				IPHONEOS_DEPLOYMENT_TARGET = 10.1;
				MTL_ENABLE_DEBUG_INFO = NO;
				SDKROOT = iphoneos;
				SWIFT_OPTIMIZATION_LEVEL = "-Owholemodule";
				TARGETED_DEVICE_FAMILY = "1,2";
				VALIDATE_PRODUCT = YES;
			};
			name = Release;
		};
		914050E01DCA62B200466426 /* Debug */ = {
			isa = XCBuildConfiguration;
			buildSettings = {
				ASSETCATALOG_COMPILER_APPICON_NAME = AppIcon;
				DEVELOPMENT_TEAM = P48JT8XFF3;
				INFOPLIST_FILE = TransitionMenu/Info.plist;
				LD_RUNPATH_SEARCH_PATHS = "$(inherited) @executable_path/Frameworks";
				PRODUCT_BUNDLE_IDENTIFIER = com.github.iMoment.TransitionMenu;
				PRODUCT_NAME = "$(TARGET_NAME)";
				SWIFT_VERSION = 3.0;
			};
			name = Debug;
		};
		914050E11DCA62B200466426 /* Release */ = {
			isa = XCBuildConfiguration;
			buildSettings = {
				ASSETCATALOG_COMPILER_APPICON_NAME = AppIcon;
				DEVELOPMENT_TEAM = P48JT8XFF3;
				INFOPLIST_FILE = TransitionMenu/Info.plist;
				LD_RUNPATH_SEARCH_PATHS = "$(inherited) @executable_path/Frameworks";
				PRODUCT_BUNDLE_IDENTIFIER = com.github.iMoment.TransitionMenu;
				PRODUCT_NAME = "$(TARGET_NAME)";
				SWIFT_VERSION = 3.0;
			};
			name = Release;
		};
/* End XCBuildConfiguration section */

/* Begin XCConfigurationList section */
		914050C81DCA62B100466426 /* Build configuration list for PBXProject "TransitionMenu" */ = {
			isa = XCConfigurationList;
			buildConfigurations = (
				914050DD1DCA62B200466426 /* Debug */,
				914050DE1DCA62B200466426 /* Release */,
			);
			defaultConfigurationIsVisible = 0;
			defaultConfigurationName = Release;
		};
		914050DF1DCA62B200466426 /* Build configuration list for PBXNativeTarget "TransitionMenu" */ = {
			isa = XCConfigurationList;
			buildConfigurations = (
				914050E01DCA62B200466426 /* Debug */,
				914050E11DCA62B200466426 /* Release */,
			);
			defaultConfigurationIsVisible = 0;
			defaultConfigurationName = Release;
		};
/* End XCConfigurationList section */
	};
	rootObject = 914050C51DCA62B100466426 /* Project object */;
}
